
Microsoft Visual Studio Solution File, Format Version 12.00
Project("{FAE04EC0-301F-11D3-BF4B-00C04F79EFBC}") = "ResumeApi", "ResumeApi\ResumeApi.csproj", "{AE6B5D3F-8B14-4C6D-82F6-1F85D5D6FAD6}"
EndProject
Global
	GlobalSection(SolutionConfigurationPlatforms) = preSolution
		Debug|Any CPU = Debug|Any CPU
		Release|Any CPU = Release|Any CPU
	EndGlobalSection
	GlobalSection(ProjectConfigurationPlatforms) = postSolution
		{AE6B5D3F-8B14-4C6D-82F6-1F85D5D6FAD6}.Debug|Any CPU.ActiveCfg = Debug|Any CPU
		{AE6B5D3F-8B14-4C6D-82F6-1F85D5D6FAD6}.Debug|Any CPU.Build.0 = Debug|Any CPU
		{AE6B5D3F-8B14-4C6D-82F6-1F85D5D6FAD6}.Release|Any CPU.ActiveCfg = Release|Any CPU
		{AE6B5D3F-8B14-4C6D-82F6-1F85D5D6FAD6}.Release|Any CPU.Build.0 = Release|Any CPU
	EndGlobalSection
EndGlobal
